{
  "lockfileVersion": 1,
  "dependencies": {
    "@types/lodash": {
      "version": "4.14.66",
      "resolved": "https://registry.npmjs.org/@types/lodash/-/lodash-4.14.66.tgz",
      "integrity": "sha512-LpGSiIy5/utq8AT2bSXGnENnS1kCZJ1m84L1yqKst2UehSZe6VWROmiysYg/lLJR6zu2ooeVoQtkUHToA+mEtQ=="
    },
    "lodash": {
      "version": "4.17.4",
      "resolved": "https://registry.npmjs.org/lodash/-/lodash-4.17.4.tgz",
      "integrity": "sha1-eCA6TRwyiuHYbcpkYONptX9AVa4="
    }
  }
}
